<?xml version="1.0" encoding="utf-8"?>
<Project ToolsVersion="4.0" xmlns="http://schemas.microsoft.com/developer/msbuild/2003">
  <ItemGroup>
    <Filter Include="Source Files">
      <UniqueIdentifier>{4FC737F1-C7A5-4376-A066-2A32D752A2FF}</UniqueIdentifier>
      <Extensions>cpp;c;cc;cxx;def;odl;idl;hpj;bat;asm;asmx</Extensions>
    </Filter>
    <Filter Include="Header Files">
      <UniqueIdentifier>{93995380-89BD-4b04-88EB-625FBE52EBFB}</UniqueIdentifier>
      <Extensions>h;hpp;hxx;hm;inl;inc;xsd</Extensions>
    </Filter>
    <Filter Include="Resource Files">
      <UniqueIdentifier>{67DA6AB6-F800-4c08-8B7A-83BB121AAD01}</UniqueIdentifier>
      <Extensions>rc;ico;cur;bmp;dlg;rc2;rct;bin;rgs;gif;jpg;jpeg;jpe;resx;tiff;tif;png;wav;mfcribbon-ms</Extensions>
    </Filter>
    <Filter Include="Source Files\dosbox">
      <UniqueIdentifier>{8cfebf47-dd7f-452b-8498-4c2e5469e320}</UniqueIdentifier>
    </Filter>
    <Filter Include="Header Files\dosbox">
      <UniqueIdentifier>{d190190d-35e7-44fd-8613-a8a7c8494c31}</UniqueIdentifier>
    </Filter>
  </ItemGroup>
  <ItemGroup>
    <ClCompile Include="id_ca.cpp">
      <Filter>Source Files</Filter>
    </ClCompile>
    <ClCompile Include="3d_act1.cpp">
      <Filter>Source Files</Filter>
    </ClCompile>
    <ClCompile Include="3d_act2.cpp">
      <Filter>Source Files</Filter>
    </ClCompile>
    <ClCompile Include="3d_agent.cpp">
      <Filter>Source Files</Filter>
    </ClCompile>
    <ClCompile Include="3d_debug.cpp">
      <Filter>Source Files</Filter>
    </ClCompile>
    <ClCompile Include="3d_draw.cpp">
      <Filter>Source Files</Filter>
    </ClCompile>
    <ClCompile Include="3d_draw2.cpp">
      <Filter>Source Files</Filter>
    </ClCompile>
    <ClCompile Include="3d_game.cpp">
      <Filter>Source Files</Filter>
    </ClCompile>
    <ClCompile Include="3d_inter.cpp">
      <Filter>Source Files</Filter>
    </ClCompile>
    <ClCompile Include="3d_main.cpp">
      <Filter>Source Files</Filter>
    </ClCompile>
    <ClCompile Include="3d_menu.cpp">
      <Filter>Source Files</Filter>
    </ClCompile>
    <ClCompile Include="3d_msgs.cpp">
      <Filter>Source Files</Filter>
    </ClCompile>
    <ClCompile Include="3d_play.cpp">
      <Filter>Source Files</Filter>
    </ClCompile>
    <ClCompile Include="3d_scale.cpp">
      <Filter>Source Files</Filter>
    </ClCompile>
    <ClCompile Include="3d_state.cpp">
      <Filter>Source Files</Filter>
    </ClCompile>
    <ClCompile Include="colormap.cpp">
      <Filter>Source Files</Filter>
    </ClCompile>
    <ClCompile Include="d3.cpp">
      <Filter>Source Files</Filter>
    </ClCompile>
    <ClCompile Include="d3_d2.cpp">
      <Filter>Source Files</Filter>
    </ClCompile>
    <ClCompile Include="d3_dr2.cpp">
      <Filter>Source Files</Filter>
    </ClCompile>
    <ClCompile Include="id_in.cpp">
      <Filter>Source Files</Filter>
    </ClCompile>
    <ClCompile Include="id_mm.cpp">
      <Filter>Source Files</Filter>
    </ClCompile>
    <ClCompile Include="id_pm.cpp">
      <Filter>Source Files</Filter>
    </ClCompile>
    <ClCompile Include="id_sd.cpp">
      <Filter>Source Files</Filter>
    </ClCompile>
    <ClCompile Include="id_sdd.cpp">
      <Filter>Source Files</Filter>
    </ClCompile>
    <ClCompile Include="id_us.cpp">
      <Filter>Source Files</Filter>
    </ClCompile>
    <ClCompile Include="id_us_1.cpp">
      <Filter>Source Files</Filter>
    </ClCompile>
    <ClCompile Include="id_vh.cpp">
      <Filter>Source Files</Filter>
    </ClCompile>
    <ClCompile Include="id_vl.cpp">
      <Filter>Source Files</Filter>
    </ClCompile>
    <ClCompile Include="jm_cio.cpp">
      <Filter>Source Files</Filter>
    </ClCompile>
    <ClCompile Include="jm_debug.cpp">
      <Filter>Source Files</Filter>
    </ClCompile>
    <ClCompile Include="jm_free.cpp">
      <Filter>Source Files</Filter>
    </ClCompile>
    <ClCompile Include="jm_io.cpp">
      <Filter>Source Files</Filter>
    </ClCompile>
    <ClCompile Include="jm_lzh.cpp">
      <Filter>Source Files</Filter>
    </ClCompile>
    <ClCompile Include="jm_tp.cpp">
      <Filter>Source Files</Filter>
    </ClCompile>
    <ClCompile Include="markhack.cpp">
      <Filter>Source Files</Filter>
    </ClCompile>
    <ClCompile Include="movie.cpp">
      <Filter>Source Files</Filter>
    </ClCompile>
    <ClCompile Include="scale.cpp">
      <Filter>Source Files</Filter>
    </ClCompile>
    <ClCompile Include="vgapal.cpp">
      <Filter>Source Files</Filter>
    </ClCompile>
    <ClCompile Include="stub.cpp">
      <Filter>Source Files</Filter>
    </ClCompile>
    <ClCompile Include="dosbox\dbopl.cpp">
      <Filter>Source Files\dosbox</Filter>
    </ClCompile>
    <ClCompile Include="bstone_opl2.cpp">
      <Filter>Source Files</Filter>
    </ClCompile>
    <ClCompile Include="bstone_adlib_decoder.cpp">
      <Filter>Source Files</Filter>
    </ClCompile>
    <ClCompile Include="bstone_adlib_music_decoder.cpp">
      <Filter>Source Files</Filter>
    </ClCompile>
    <ClCompile Include="bstone_adlib_sfx_decoder.cpp">
      <Filter>Source Files</Filter>
    </ClCompile>
    <ClCompile Include="bstone_memory_binary_reader.cpp">
      <Filter>Source Files</Filter>
    </ClCompile>
    <ClCompile Include="bstone_audio_decoder.cpp">
      <Filter>Source Files</Filter>
    </ClCompile>
    <ClCompile Include="bstone_pcm_decoder.cpp">
      <Filter>Source Files</Filter>
    </ClCompile>
    <ClCompile Include="bstone_audio_mixer.cpp">
      <Filter>Source Files</Filter>
    </ClCompile>
    <ClCompile Include="bstone_istream.cpp">
      <Filter>Source Files</Filter>
    </ClCompile>
    <ClCompile Include="bstone_memory_stream.cpp">
      <Filter>Source Files</Filter>
    </ClCompile>
    <ClCompile Include="bstone_binary_reader.cpp">
      <Filter>Source Files</Filter>
    </ClCompile>
    <ClCompile Include="bstone_binary_writer.cpp">
      <Filter>Source Files</Filter>
    </ClCompile>
    <ClCompile Include="bstone_file_stream.cpp">
      <Filter>Source Files</Filter>
    </ClCompile>
  </ItemGroup>
  <ItemGroup>
    <ClInclude Include="id_heads.h">
      <Filter>Header Files</Filter>
    </ClInclude>
    <ClInclude Include="3d_def.h">
      <Filter>Header Files</Filter>
    </ClInclude>
    <ClInclude Include="3d_menu.h">
      <Filter>Header Files</Filter>
    </ClInclude>
    <ClInclude Include="an_codes.h">
      <Filter>Header Files</Filter>
    </ClInclude>
    <ClInclude Include="audio.h">
      <Filter>Header Files</Filter>
    </ClInclude>
    <ClInclude Include="audiobs1.h">
      <Filter>Header Files</Filter>
    </ClInclude>
    <ClInclude Include="audiofir.h">
      <Filter>Header Files</Filter>
    </ClInclude>
    <ClInclude Include="audiovsi.h">
      <Filter>Header Files</Filter>
    </ClInclude>
    <ClInclude Include="gfxe_bs1.h">
      <Filter>Header Files</Filter>
    </ClInclude>
    <ClInclude Include="gfxe_fir.h">
      <Filter>Header Files</Filter>
    </ClInclude>
    <ClInclude Include="gfxe_vsi.h">
      <Filter>Header Files</Filter>
    </ClInclude>
    <ClInclude Include="gfxv_bs1.h">
      <Filter>Header Files</Filter>
    </ClInclude>
    <ClInclude Include="gfxv_fir.h">
      <Filter>Header Files</Filter>
    </ClInclude>
    <ClInclude Include="gfxv_vsi.h">
      <Filter>Header Files</Filter>
    </ClInclude>
    <ClInclude Include="id_ca.h">
      <Filter>Header Files</Filter>
    </ClInclude>
    <ClInclude Include="id_in.h">
      <Filter>Header Files</Filter>
    </ClInclude>
    <ClInclude Include="id_mm.h">
      <Filter>Header Files</Filter>
    </ClInclude>
    <ClInclude Include="id_pm.h">
      <Filter>Header Files</Filter>
    </ClInclude>
    <ClInclude Include="id_sd.h">
      <Filter>Header Files</Filter>
    </ClInclude>
    <ClInclude Include="id_us.h">
      <Filter>Header Files</Filter>
    </ClInclude>
    <ClInclude Include="id_vh.h">
      <Filter>Header Files</Filter>
    </ClInclude>
    <ClInclude Include="id_vl.h">
      <Filter>Header Files</Filter>
    </ClInclude>
    <ClInclude Include="jam_io.h">
      <Filter>Header Files</Filter>
    </ClInclude>
    <ClInclude Include="jm_cio.h">
      <Filter>Header Files</Filter>
    </ClInclude>
    <ClInclude Include="jm_debug.h">
      <Filter>Header Files</Filter>
    </ClInclude>
    <ClInclude Include="jm_error.h">
      <Filter>Header Files</Filter>
    </ClInclude>
    <ClInclude Include="jm_io.h">
      <Filter>Header Files</Filter>
    </ClInclude>
    <ClInclude Include="jm_lzh.h">
      <Filter>Header Files</Filter>
    </ClInclude>
    <ClInclude Include="jm_tp.h">
      <Filter>Header Files</Filter>
    </ClInclude>
    <ClInclude Include="jm_vl.h">
      <Filter>Header Files</Filter>
    </ClInclude>
    <ClInclude Include="mapsbs1.h">
      <Filter>Header Files</Filter>
    </ClInclude>
    <ClInclude Include="mapsvsi.h">
      <Filter>Header Files</Filter>
    </ClInclude>
    <ClInclude Include="movie.h">
      <Filter>Header Files</Filter>
    </ClInclude>
    <ClInclude Include="dosbox\adlib.h">
      <Filter>Header Files\dosbox</Filter>
    </ClInclude>
    <ClInclude Include="dosbox\dbopl.h">
      <Filter>Header Files\dosbox</Filter>
    </ClInclude>
    <ClInclude Include="dosbox\dosbox.h">
      <Filter>Header Files\dosbox</Filter>
    </ClInclude>
    <ClInclude Include="dosbox\hardware.h">
      <Filter>Header Files\dosbox</Filter>
    </ClInclude>
    <ClInclude Include="dosbox\inout.h">
      <Filter>Header Files\dosbox</Filter>
    </ClInclude>
    <ClInclude Include="dosbox\mixer.h">
      <Filter>Header Files\dosbox</Filter>
    </ClInclude>
    <ClInclude Include="dosbox\pic.h">
      <Filter>Header Files\dosbox</Filter>
    </ClInclude>
    <ClInclude Include="dosbox\setup.h">
      <Filter>Header Files\dosbox</Filter>
    </ClInclude>
    <ClInclude Include="bstone_opl2.h">
      <Filter>Header Files</Filter>
    </ClInclude>
    <ClInclude Include="bstone_adlib_decoder.h">
      <Filter>Header Files</Filter>
    </ClInclude>
    <ClInclude Include="bstone_adlib_music_decoder.h">
      <Filter>Header Files</Filter>
    </ClInclude>
    <ClInclude Include="bstone_adlib_sfx_decoder.h">
      <Filter>Header Files</Filter>
    </ClInclude>
    <ClInclude Include="bstone_memory_binary_reader.h">
      <Filter>Header Files</Filter>
    </ClInclude>
    <ClInclude Include="bstone_audio_decoder.h">
      <Filter>Header Files</Filter>
    </ClInclude>
    <ClInclude Include="bstone_pcm_decoder.h">
      <Filter>Header Files</Filter>
    </ClInclude>
    <ClInclude Include="bstone_audio_mixer.h">
      <Filter>Header Files</Filter>
    </ClInclude>
    <ClInclude Include="bstone_istream.h">
      <Filter>Header Files</Filter>
    </ClInclude>
    <ClInclude Include="bstone_un_value.h">
      <Filter>Header Files</Filter>
    </ClInclude>
    <ClInclude Include="bstone_binary_reader.h">
      <Filter>Header Files</Filter>
    </ClInclude>
    <ClInclude Include="bstone_binary_writer.h">
      <Filter>Header Files</Filter>
    </ClInclude>
    <ClInclude Include="bstone_file_stream.h">
      <Filter>Header Files</Filter>
    </ClInclude>
    <ClInclude Include="bstone_memory_stream.h">
      <Filter>Header Files</Filter>
    </ClInclude>
  </ItemGroup>
</Project>